# This file was autogenerated by Stack.
# You should not edit this file by hand.
# For more information, please see the documentation at:
#   https://docs.haskellstack.org/en/stable/lock_files

packages:
- completed:
    subdir: webapi
    name: webapi
    version: '0.4'
    git: https://github.com/byteally/webapi
    pantry-tree:
      size: 1118
      sha256: f4a4526c303508d0180c19ea1aedf4e60c89cea9aa54a525d4cfe5f584add6f1
    commit: a3e935bfab598c1326343c21c7c843c0b2426fbe
  original:
    subdir: webapi
    git: https://github.com/byteally/webapi
    commit: a3e935bfab598c1326343c21c7c843c0b2426fbe
- completed:
    subdir: webapi-contract
    name: webapi-contract
    version: '0.4'
    git: https://github.com/byteally/webapi
    pantry-tree:
      size: 743
      sha256: b41a0152b905e71fec131f3a9d9ca278430333dc83de9ab2c7e15eb8d319eb69
    commit: a3e935bfab598c1326343c21c7c843c0b2426fbe
  original:
    subdir: webapi-contract
    git: https://github.com/byteally/webapi
    commit: a3e935bfab598c1326343c21c7c843c0b2426fbe
- completed:
    hackage: bytestring-trie-0.2.5.0@sha256:2ebdf9ab8bfa82b324592f0f203b41b57423912a4a9509b76cf22fc1cf344d7c,3427
    pantry-tree:
      size: 705
      sha256: 4ce59841d2d44dc36634652c65560c467d98416e3b15280e1314a54eac18a8d7
  original:
    hackage: bytestring-trie-0.2.5.0@sha256:2ebdf9ab8bfa82b324592f0f203b41b57423912a4a9509b76cf22fc1cf344d7c,3427
snapshots:
- completed:
    size: 585393
    url: https://raw.githubusercontent.com/commercialhaskell/stackage-snapshots/master/lts/18/0.yaml
    sha256: c632012da648385b9fa3c29f4e0afd56ead299f1c5528ee789058be410e883c0
  original:
    url: https://raw.githubusercontent.com/commercialhaskell/stackage-snapshots/master/lts/18/0.yaml
